// !$*UTF8*$!
{
	archiveVersion = 1;
	classes = {
	};
	objectVersion = 48;
	objects = {

/* Begin PBXBuildFile section */
		C9C5AC44204AC76D00A52941 /* AppDelegate.swift in Sources */ = {isa = PBXBuildFile; fileRef = C9C5AC43204AC76D00A52941 /* AppDelegate.swift */; };
		C9C5AC46204AC76D00A52941 /* TodoListViewController.swift in Sources */ = {isa = PBXBuildFile; fileRef = C9C5AC45204AC76D00A52941 /* TodoListViewController.swift */; };
		C9C5AC49204AC76D00A52941 /* Main.storyboard in Resources */ = {isa = PBXBuildFile; fileRef = C9C5AC47204AC76D00A52941 /* Main.storyboard */; };
		C9C5AC4B204AC76D00A52941 /* Assets.xcassets in Resources */ = {isa = PBXBuildFile; fileRef = C9C5AC4A204AC76D00A52941 /* Assets.xcassets */; };
		C9C5AC4E204AC76D00A52941 /* LaunchScreen.storyboard in Resources */ = {isa = PBXBuildFile; fileRef = C9C5AC4C204AC76D00A52941 /* LaunchScreen.storyboard */; };
		C9C5AC7F204BC9E200A52941 /* DataModel.xcdatamodeld in Sources */ = {isa = PBXBuildFile; fileRef = C9C5AC7D204BC9E200A52941 /* DataModel.xcdatamodeld */; };
		C9C5AC81204C05D400A52941 /* CategoryViewController.swift in Sources */ = {isa = PBXBuildFile; fileRef = C9C5AC80204C05D400A52941 /* CategoryViewController.swift */; };
		FB0925E17C2CC95BEA62CCCC /* Pods_Todoey.framework in Frameworks */ = {isa = PBXBuildFile; fileRef = 2F7F904C05C589B9F201BAF0 /* Pods_Todoey.framework */; };
/* End PBXBuildFile section */

/* Begin PBXFileReference section */
		127C94BB74084269B9E1BB85 /* Pods-Todoey.release.xcconfig */ = {isa = PBXFileReference; includeInIndex = 1; lastKnownFileType = text.xcconfig; name = "Pods-Todoey.release.xcconfig"; path = "Pods/Target Support Files/Pods-Todoey/Pods-Todoey.release.xcconfig"; sourceTree = "<group>"; };
		2F7F904C05C589B9F201BAF0 /* Pods_Todoey.framework */ = {isa = PBXFileReference; explicitFileType = wrapper.framework; includeInIndex = 0; path = Pods_Todoey.framework; sourceTree = BUILT_PRODUCTS_DIR; };
		4F740885AE2D303379521B06 /* Pods-Todoey.debug.xcconfig */ = {isa = PBXFileReference; includeInIndex = 1; lastKnownFileType = text.xcconfig; name = "Pods-Todoey.debug.xcconfig"; path = "Pods/Target Support Files/Pods-Todoey/Pods-Todoey.debug.xcconfig"; sourceTree = "<group>"; };
		C9C5AC40204AC76D00A52941 /* Todoey.app */ = {isa = PBXFileReference; explicitFileType = wrapper.application; includeInIndex = 0; path = Todoey.app; sourceTree = BUILT_PRODUCTS_DIR; };
		C9C5AC43204AC76D00A52941 /* AppDelegate.swift */ = {isa = PBXFileReference; lastKnownFileType = sourcecode.swift; path = AppDelegate.swift; sourceTree = "<group>"; };
		C9C5AC45204AC76D00A52941 /* TodoListViewController.swift */ = {isa = PBXFileReference; lastKnownFileType = sourcecode.swift; path = TodoListViewController.swift; sourceTree = "<group>"; };
		C9C5AC48204AC76D00A52941 /* Base */ = {isa = PBXFileReference; lastKnownFileType = file.storyboard; name = Base; path = Base.lproj/Main.storyboard; sourceTree = "<group>"; };
		C9C5AC4A204AC76D00A52941 /* Assets.xcassets */ = {isa = PBXFileReference; lastKnownFileType = folder.assetcatalog; path = Assets.xcassets; sourceTree = "<group>"; };
		C9C5AC4D204AC76D00A52941 /* Base */ = {isa = PBXFileReference; lastKnownFileType = file.storyboard; name = Base; path = Base.lproj/LaunchScreen.storyboard; sourceTree = "<group>"; };
		C9C5AC4F204AC76D00A52941 /* Info.plist */ = {isa = PBXFileReference; lastKnownFileType = text.plist.xml; path = Info.plist; sourceTree = "<group>"; };
		C9C5AC7E204BC9E200A52941 /* DataModel.xcdatamodel */ = {isa = PBXFileReference; lastKnownFileType = wrapper.xcdatamodel; path = DataModel.xcdatamodel; sourceTree = "<group>"; };
		C9C5AC80204C05D400A52941 /* CategoryViewController.swift */ = {isa = PBXFileReference; lastKnownFileType = sourcecode.swift; path = CategoryViewController.swift; sourceTree = "<group>"; };
/* End PBXFileReference section */

/* Begin PBXFrameworksBuildPhase section */
		C9C5AC3D204AC76D00A52941 /* Frameworks */ = {
			isa = PBXFrameworksBuildPhase;
			buildActionMask = 2147483647;
			files = (
				FB0925E17C2CC95BEA62CCCC /* Pods_Todoey.framework in Frameworks */,
			);
			runOnlyForDeploymentPostprocessing = 0;
		};
/* End PBXFrameworksBuildPhase section */

/* Begin PBXGroup section */
		6B5A40FFD42700F0D62F2EEC /* Frameworks */ = {
			isa = PBXGroup;
			children = (
				2F7F904C05C589B9F201BAF0 /* Pods_Todoey.framework */,
			);
			name = Frameworks;
			sourceTree = "<group>";
		};
		C9C5AC37204AC76D00A52941 = {
			isa = PBXGroup;
			children = (
				C9C5AC42204AC76D00A52941 /* Todoey */,
				C9C5AC41204AC76D00A52941 /* Products */,
				DEB2E5A5356D9C8B2FAA6FBA /* Pods */,
				6B5A40FFD42700F0D62F2EEC /* Frameworks */,
			);
			sourceTree = "<group>";
		};
		C9C5AC41204AC76D00A52941 /* Products */ = {
			isa = PBXGroup;
			children = (
				C9C5AC40204AC76D00A52941 /* Todoey.app */,
			);
			name = Products;
			sourceTree = "<group>";
		};
		C9C5AC42204AC76D00A52941 /* Todoey */ = {
			isa = PBXGroup;
			children = (
				C9C5AC43204AC76D00A52941 /* AppDelegate.swift */,
				C9C5AC57204B853700A52941 /* Controllers */,
				C9C5AC59204B85CC00A52941 /* Data Model */,
				C9C5AC5A204B85E500A52941 /* Views */,
				C9C5AC5B204B85F100A52941 /* Supporting Files */,
				C9C5AC4F204AC76D00A52941 /* Info.plist */,
			);
			path = Todoey;
			sourceTree = "<group>";
		};
		C9C5AC57204B853700A52941 /* Controllers */ = {
			isa = PBXGroup;
			children = (
				C9C5AC80204C05D400A52941 /* CategoryViewController.swift */,
				C9C5AC45204AC76D00A52941 /* TodoListViewController.swift */,
			);
			path = Controllers;
			sourceTree = "<group>";
		};
		C9C5AC59204B85CC00A52941 /* Data Model */ = {
			isa = PBXGroup;
			children = (
				C9C5AC7D204BC9E200A52941 /* DataModel.xcdatamodeld */,
			);
			path = "Data Model";
			sourceTree = "<group>";
		};
		C9C5AC5A204B85E500A52941 /* Views */ = {
			isa = PBXGroup;
			children = (
				C9C5AC47204AC76D00A52941 /* Main.storyboard */,
			);
			path = Views;
			sourceTree = "<group>";
		};
		C9C5AC5B204B85F100A52941 /* Supporting Files */ = {
			isa = PBXGroup;
			children = (
				C9C5AC4A204AC76D00A52941 /* Assets.xcassets */,
				C9C5AC4C204AC76D00A52941 /* LaunchScreen.storyboard */,
			);
			path = "Supporting Files";
			sourceTree = "<group>";
		};
		DEB2E5A5356D9C8B2FAA6FBA /* Pods */ = {
			isa = PBXGroup;
			children = (
				4F740885AE2D303379521B06 /* Pods-Todoey.debug.xcconfig */,
				127C94BB74084269B9E1BB85 /* Pods-Todoey.release.xcconfig */,
			);
			name = Pods;
			sourceTree = "<group>";
		};
/* End PBXGroup section */

/* Begin PBXNativeTarget section */
		C9C5AC3F204AC76D00A52941 /* Todoey */ = {
			isa = PBXNativeTarget;
			buildConfigurationList = C9C5AC52204AC76D00A52941 /* Build configuration list for PBXNativeTarget "Todoey" */;
			buildPhases = (
				0E60DBB47288447B200FC1A3 /* [CP] Check Pods Manifest.lock */,
				C9C5AC3C204AC76D00A52941 /* Sources */,
				C9C5AC3D204AC76D00A52941 /* Frameworks */,
				C9C5AC3E204AC76D00A52941 /* Resources */,
				B0F80D7995CAF2C099263000 /* [CP] Embed Pods Frameworks */,
				781296ACCF692DE414CCC619 /* [CP] Copy Pods Resources */,
			);
			buildRules = (
			);
			dependencies = (
			);
			name = Todoey;
			productName = Todoey;
			productReference = C9C5AC40204AC76D00A52941 /* Todoey.app */;
			productType = "com.apple.product-type.application";
		};
/* End PBXNativeTarget section */

/* Begin PBXProject section */
		C9C5AC38204AC76D00A52941 /* Project object */ = {
			isa = PBXProject;
			attributes = {
				LastSwiftUpdateCheck = 0920;
				LastUpgradeCheck = 0920;
				ORGANIZATIONNAME = "陳剣輝";
				TargetAttributes = {
					C9C5AC3F204AC76D00A52941 = {
						CreatedOnToolsVersion = 9.2;
						ProvisioningStyle = Automatic;
					};
				};
			};
			buildConfigurationList = C9C5AC3B204AC76D00A52941 /* Build configuration list for PBXProject "Todoey" */;
			compatibilityVersion = "Xcode 8.0";
			developmentRegion = en;
			hasScannedForEncodings = 0;
			knownRegions = (
				en,
				Base,
			);
			mainGroup = C9C5AC37204AC76D00A52941;
			productRefGroup = C9C5AC41204AC76D00A52941 /* Products */;
			projectDirPath = "";
			projectRoot = "";
			targets = (
				C9C5AC3F204AC76D00A52941 /* Todoey */,
			);
		};
/* End PBXProject section */

/* Begin PBXResourcesBuildPhase section */
		C9C5AC3E204AC76D00A52941 /* Resources */ = {
			isa = PBXResourcesBuildPhase;
			buildActionMask = 2147483647;
			files = (
				C9C5AC4E204AC76D00A52941 /* LaunchScreen.storyboard in Resources */,
				C9C5AC4B204AC76D00A52941 /* Assets.xcassets in Resources */,
				C9C5AC49204AC76D00A52941 /* Main.storyboard in Resources */,
			);
			runOnlyForDeploymentPostprocessing = 0;
		};
/* End PBXResourcesBuildPhase section */

/* Begin PBXShellScriptBuildPhase section */
		0E60DBB47288447B200FC1A3 /* [CP] Check Pods Manifest.lock */ = {
			isa = PBXShellScriptBuildPhase;
			buildActionMask = 2147483647;
			files = (
			);
			inputPaths = (
				"${PODS_PODFILE_DIR_PATH}/Podfile.lock",
				"${PODS_ROOT}/Manifest.lock",
			);
			name = "[CP] Check Pods Manifest.lock";
			outputPaths = (
				"$(DERIVED_FILE_DIR)/Pods-Todoey-checkManifestLockResult.txt",
			);
			runOnlyForDeploymentPostprocessing = 0;
			shellPath = /bin/sh;
			shellScript = "diff \"${PODS_PODFILE_DIR_PATH}/Podfile.lock\" \"${PODS_ROOT}/Manifest.lock\" > /dev/null\nif [ $? != 0 ] ; then\n    # print error to STDERR\n    echo \"error: The sandbox is not in sync with the Podfile.lock. Run 'pod install' or update your CocoaPods installation.\" >&2\n    exit 1\nfi\n# This output is used by Xcode 'outputs' to avoid re-running this script phase.\necho \"SUCCESS\" > \"${SCRIPT_OUTPUT_FILE_0}\"\n";
			showEnvVarsInLog = 0;
		};
		781296ACCF692DE414CCC619 /* [CP] Copy Pods Resources */ = {
			isa = PBXShellScriptBuildPhase;
			buildActionMask = 2147483647;
			files = (
			);
			inputPaths = (
			);
			name = "[CP] Copy Pods Resources";
			outputPaths = (
			);
			runOnlyForDeploymentPostprocessing = 0;
			shellPath = /bin/sh;
			shellScript = "\"${SRCROOT}/Pods/Target Support Files/Pods-Todoey/Pods-Todoey-resources.sh\"\n";
			showEnvVarsInLog = 0;
		};
		B0F80D7995CAF2C099263000 /* [CP] Embed Pods Frameworks */ = {
			isa = PBXShellScriptBuildPhase;
			buildActionMask = 2147483647;
			files = (
			);
			inputPaths = (
				"${SRCROOT}/Pods/Target Support Files/Pods-Todoey/Pods-Todoey-frameworks.sh",
				"${BUILT_PRODUCTS_DIR}/Realm/Realm.framework",
				"${BUILT_PRODUCTS_DIR}/RealmSwift/RealmSwift.framework",
			);
			name = "[CP] Embed Pods Frameworks";
			outputPaths = (
				"${TARGET_BUILD_DIR}/${FRAMEWORKS_FOLDER_PATH}/Realm.framework",
				"${TARGET_BUILD_DIR}/${FRAMEWORKS_FOLDER_PATH}/RealmSwift.framework",
			);
			runOnlyForDeploymentPostprocessing = 0;
			shellPath = /bin/sh;
			shellScript = "\"${SRCROOT}/Pods/Target Support Files/Pods-Todoey/Pods-Todoey-frameworks.sh\"\n";
			showEnvVarsInLog = 0;
		};
/* End PBXShellScriptBuildPhase section */

/* Begin PBXSourcesBuildPhase section */
		C9C5AC3C204AC76D00A52941 /* Sources */ = {
			isa = PBXSourcesBuildPhase;
			buildActionMask = 2147483647;
			files = (
				C9C5AC46204AC76D00A52941 /* TodoListViewController.swift in Sources */,
				C9C5AC7F204BC9E200A52941 /* DataModel.xcdatamodeld in Sources */,
				C9C5AC44204AC76D00A52941 /* AppDelegate.swift in Sources */,
				C9C5AC81204C05D400A52941 /* CategoryViewController.swift in Sources */,
			);
			runOnlyForDeploymentPostprocessing = 0;
		};
/* End PBXSourcesBuildPhase section */

/* Begin PBXVariantGroup section */
		C9C5AC47204AC76D00A52941 /* Main.storyboard */ = {
			isa = PBXVariantGroup;
			children = (
				C9C5AC48204AC76D00A52941 /* Base */,
			);
			name = Main.storyboard;
			sourceTree = "<group>";
		};
		C9C5AC4C204AC76D00A52941 /* LaunchScreen.storyboard */ = {
			isa = PBXVariantGroup;
			children = (
				C9C5AC4D204AC76D00A52941 /* Base */,
			);
			name = LaunchScreen.storyboard;
			sourceTree = "<group>";
		};
/* End PBXVariantGroup section */

/* Begin XCBuildConfiguration section */
		C9C5AC50204AC76D00A52941 /* Debug */ = {
			isa = XCBuildConfiguration;
			buildSettings = {
				ALWAYS_SEARCH_USER_PATHS = NO;
				CLANG_ANALYZER_NONNULL = YES;
				CLANG_ANALYZER_NUMBER_OBJECT_CONVERSION = YES_AGGRESSIVE;
				CLANG_CXX_LANGUAGE_STANDARD = "gnu++14";
				CLANG_CXX_LIBRARY = "libc++";
				CLANG_ENABLE_MODULES = YES;
				CLANG_ENABLE_OBJC_ARC = YES;
				CLANG_WARN_BLOCK_CAPTURE_AUTORELEASING = YES;
				CLANG_WARN_BOOL_CONVERSION = YES;
				CLANG_WARN_COMMA = YES;
				CLANG_WARN_CONSTANT_CONVERSION = YES;
				CLANG_WARN_DIRECT_OBJC_ISA_USAGE = YES_ERROR;
				CLANG_WARN_DOCUMENTATION_COMMENTS = YES;
				CLANG_WARN_EMPTY_BODY = YES;
				CLANG_WARN_ENUM_CONVERSION = YES;
				CLANG_WARN_INFINITE_RECURSION = YES;
				CLANG_WARN_INT_CONVERSION = YES;
				CLANG_WARN_NON_LITERAL_NULL_CONVERSION = YES;
				CLANG_WARN_OBJC_LITERAL_CONVERSION = YES;
				CLANG_WARN_OBJC_ROOT_CLASS = YES_ERROR;
				CLANG_WARN_RANGE_LOOP_ANALYSIS = YES;
				CLANG_WARN_STRICT_PROTOTYPES = YES;
				CLANG_WARN_SUSPICIOUS_MOVE = YES;
				CLANG_WARN_UNGUARDED_AVAILABILITY = YES_AGGRESSIVE;
				CLANG_WARN_UNREACHABLE_CODE = YES;
				CLANG_WARN__DUPLICATE_METHOD_MATCH = YES;
				CODE_SIGN_IDENTITY = "iPhone Developer";
				COPY_PHASE_STRIP = NO;
				DEBUG_INFORMATION_FORMAT = dwarf;
				ENABLE_STRICT_OBJC_MSGSEND = YES;
				ENABLE_TESTABILITY = YES;
				GCC_C_LANGUAGE_STANDARD = gnu11;
				GCC_DYNAMIC_NO_PIC = NO;
				GCC_NO_COMMON_BLOCKS = YES;
				GCC_OPTIMIZATION_LEVEL = 0;
				GCC_PREPROCESSOR_DEFINITIONS = (
					"DEBUG=1",
					"$(inherited)",
				);
				GCC_WARN_64_TO_32_BIT_CONVERSION = YES;
				GCC_WARN_ABOUT_RETURN_TYPE = YES_ERROR;
				GCC_WARN_UNDECLARED_SELECTOR = YES;
				GCC_WARN_UNINITIALIZED_AUTOS = YES_AGGRESSIVE;
				GCC_WARN_UNUSED_FUNCTION = YES;
				GCC_WARN_UNUSED_VARIABLE = YES;
				IPHONEOS_DEPLOYMENT_TARGET = 11.2;
				MTL_ENABLE_DEBUG_INFO = YES;
				ONLY_ACTIVE_ARCH = YES;
				SDKROOT = iphoneos;
				SWIFT_ACTIVE_COMPILATION_CONDITIONS = DEBUG;
				SWIFT_OPTIMIZATION_LEVEL = "-Onone";
			};
			name = Debug;
		};
		C9C5AC51204AC76D00A52941 /* Release */ = {
			isa = XCBuildConfiguration;
			buildSettings = {
				ALWAYS_SEARCH_USER_PATHS = NO;
				CLANG_ANALYZER_NONNULL = YES;
				CLANG_ANALYZER_NUMBER_OBJECT_CONVERSION = YES_AGGRESSIVE;
				CLANG_CXX_LANGUAGE_STANDARD = "gnu++14";
				CLANG_CXX_LIBRARY = "libc++";
				CLANG_ENABLE_MODULES = YES;
				CLANG_ENABLE_OBJC_ARC = YES;
				CLANG_WARN_BLOCK_CAPTURE_AUTORELEASING = YES;
				CLANG_WARN_BOOL_CONVERSION = YES;
				CLANG_WARN_COMMA = YES;
				CLANG_WARN_CONSTANT_CONVERSION = YES;
				CLANG_WARN_DIRECT_OBJC_ISA_USAGE = YES_ERROR;
				CLANG_WARN_DOCUMENTATION_COMMENTS = YES;
				CLANG_WARN_EMPTY_BODY = YES;
				CLANG_WARN_ENUM_CONVERSION = YES;
				CLANG_WARN_INFINITE_RECURSION = YES;
				CLANG_WARN_INT_CONVERSION = YES;
				CLANG_WARN_NON_LITERAL_NULL_CONVERSION = YES;
				CLANG_WARN_OBJC_LITERAL_CONVERSION = YES;
				CLANG_WARN_OBJC_ROOT_CLASS = YES_ERROR;
				CLANG_WARN_RANGE_LOOP_ANALYSIS = YES;
				CLANG_WARN_STRICT_PROTOTYPES = YES;
				CLANG_WARN_SUSPICIOUS_MOVE = YES;
				CLANG_WARN_UNGUARDED_AVAILABILITY = YES_AGGRESSIVE;
				CLANG_WARN_UNREACHABLE_CODE = YES;
				CLANG_WARN__DUPLICATE_METHOD_MATCH = YES;
				CODE_SIGN_IDENTITY = "iPhone Developer";
				COPY_PHASE_STRIP = NO;
				DEBUG_INFORMATION_FORMAT = "dwarf-with-dsym";
				ENABLE_NS_ASSERTIONS = NO;
				ENABLE_STRICT_OBJC_MSGSEND = YES;
				GCC_C_LANGUAGE_STANDARD = gnu11;
				GCC_NO_COMMON_BLOCKS = YES;
				GCC_WARN_64_TO_32_BIT_CONVERSION = YES;
				GCC_WARN_ABOUT_RETURN_TYPE = YES_ERROR;
				GCC_WARN_UNDECLARED_SELECTOR = YES;
				GCC_WARN_UNINITIALIZED_AUTOS = YES_AGGRESSIVE;
				GCC_WARN_UNUSED_FUNCTION = YES;
				GCC_WARN_UNUSED_VARIABLE = YES;
				IPHONEOS_DEPLOYMENT_TARGET = 11.2;
				MTL_ENABLE_DEBUG_INFO = NO;
				SDKROOT = iphoneos;
				SWIFT_OPTIMIZATION_LEVEL = "-Owholemodule";
				VALIDATE_PRODUCT = YES;
			};
			name = Release;
		};
		C9C5AC53204AC76D00A52941 /* Debug */ = {
			isa = XCBuildConfiguration;
			baseConfigurationReference = 4F740885AE2D303379521B06 /* Pods-Todoey.debug.xcconfig */;
			buildSettings = {
				ASSETCATALOG_COMPILER_APPICON_NAME = AppIcon;
				CODE_SIGN_STYLE = Automatic;
				DEVELOPMENT_TEAM = W6C5V56YJT;
				INFOPLIST_FILE = Todoey/Info.plist;
				IPHONEOS_DEPLOYMENT_TARGET = 10.0;
				LD_RUNPATH_SEARCH_PATHS = "$(inherited) @executable_path/Frameworks";
				PRODUCT_BUNDLE_IDENTIFIER = com.bwbrid.Todoey;
				PRODUCT_NAME = "$(TARGET_NAME)";
				SWIFT_VERSION = 4.0;
				TARGETED_DEVICE_FAMILY = "1,2";
			};
			name = Debug;
		};
		C9C5AC54204AC76D00A52941 /* Release */ = {
			isa = XCBuildConfiguration;
			baseConfigurationReference = 127C94BB74084269B9E1BB85 /* Pods-Todoey.release.xcconfig */;
			buildSettings = {
				ASSETCATALOG_COMPILER_APPICON_NAME = AppIcon;
				CODE_SIGN_STYLE = Automatic;
				DEVELOPMENT_TEAM = W6C5V56YJT;
				INFOPLIST_FILE = Todoey/Info.plist;
				IPHONEOS_DEPLOYMENT_TARGET = 10.0;
				LD_RUNPATH_SEARCH_PATHS = "$(inherited) @executable_path/Frameworks";
				PRODUCT_BUNDLE_IDENTIFIER = com.bwbrid.Todoey;
				PRODUCT_NAME = "$(TARGET_NAME)";
				SWIFT_VERSION = 4.0;
				TARGETED_DEVICE_FAMILY = "1,2";
			};
			name = Release;
		};
/* End XCBuildConfiguration section */

/* Begin XCConfigurationList section */
		C9C5AC3B204AC76D00A52941 /* Build configuration list for PBXProject "Todoey" */ = {
			isa = XCConfigurationList;
			buildConfigurations = (
				C9C5AC50204AC76D00A52941 /* Debug */,
				C9C5AC51204AC76D00A52941 /* Release */,
			);
			defaultConfigurationIsVisible = 0;
			defaultConfigurationName = Release;
		};
		C9C5AC52204AC76D00A52941 /* Build configuration list for PBXNativeTarget "Todoey" */ = {
			isa = XCConfigurationList;
			buildConfigurations = (
				C9C5AC53204AC76D00A52941 /* Debug */,
				C9C5AC54204AC76D00A52941 /* Release */,
			);
			defaultConfigurationIsVisible = 0;
			defaultConfigurationName = Release;
		};
/* End XCConfigurationList section */

/* Begin XCVersionGroup section */
		C9C5AC7D204BC9E200A52941 /* DataModel.xcdatamodeld */ = {
			isa = XCVersionGroup;
			children = (
				C9C5AC7E204BC9E200A52941 /* DataModel.xcdatamodel */,
			);
			currentVersion = C9C5AC7E204BC9E200A52941 /* DataModel.xcdatamodel */;
			path = DataModel.xcdatamodeld;
			sourceTree = "<group>";
			versionGroupType = wrapper.xcdatamodel;
		};
/* End XCVersionGroup section */
	};
	rootObject = C9C5AC38204AC76D00A52941 /* Project object */;
}
